
Microsoft Visual Studio Solution File, Format Version 12.00
# Visual Studio 2012
Project("{8BC9CEB8-8B4A-11D0-8D11-00A0C91BC942}") = "подсчет координат", "подсчет координат\подсчет координат.vcxproj", "{DA84AD9B-3800-41F0-B11D-C8F1355876A7}"
EndProject
Global
	GlobalSection(SolutionConfigurationPlatforms) = preSolution
		Debug|Win32 = Debug|Win32
		Release|Win32 = Release|Win32
	EndGlobalSection
	GlobalSection(ProjectConfigurationPlatforms) = postSolution
		{DA84AD9B-3800-41F0-B11D-C8F1355876A7}.Debug|Win32.ActiveCfg = Debug|Win32
		{DA84AD9B-3800-41F0-B11D-C8F1355876A7}.Debug|Win32.Build.0 = Debug|Win32
		{DA84AD9B-3800-41F0-B11D-C8F1355876A7}.Release|Win32.ActiveCfg = Release|Win32
		{DA84AD9B-3800-41F0-B11D-C8F1355876A7}.Release|Win32.Build.0 = Release|Win32
	EndGlobalSection
	GlobalSection(SolutionProperties) = preSolution
		HideSolutionNode = FALSE
	EndGlobalSection
EndGlobal
